// !$*UTF8*$!
{
	archiveVersion = 1;
	classes = {
	};
	objectVersion = 50;
	objects = {

/* Begin PBXBuildFile section */
		9615BDE8214CA79C001801D5 /* SettingsViewController.swift in Sources */ = {isa = PBXBuildFile; fileRef = 9615BDE7214CA79C001801D5 /* SettingsViewController.swift */; };
		9615BDEB214CA7E0001801D5 /* FreezedList.storyboard in Resources */ = {isa = PBXBuildFile; fileRef = 9615BDE9214CA7E0001801D5 /* FreezedList.storyboard */; };
		9615BDEE214CA822001801D5 /* HarvestList.storyboard in Resources */ = {isa = PBXBuildFile; fileRef = 9615BDEC214CA822001801D5 /* HarvestList.storyboard */; };
		9615BDF1214CA855001801D5 /* PackedList.storyboard in Resources */ = {isa = PBXBuildFile; fileRef = 9615BDEF214CA855001801D5 /* PackedList.storyboard */; };
		9615BDF4214D3605001801D5 /* Settings.storyboard in Resources */ = {isa = PBXBuildFile; fileRef = 9615BDF2214D3605001801D5 /* Settings.storyboard */; };
		9615BDF7214D42E7001801D5 /* Localizable.strings in Resources */ = {isa = PBXBuildFile; fileRef = 9615BDF6214D42E7001801D5 /* Localizable.strings */; };
		9615BDFC214E0F1A001801D5 /* FUIPasswordSignUpViewController+Injection.m in Sources */ = {isa = PBXBuildFile; fileRef = 9615BDFB214E0F1A001801D5 /* FUIPasswordSignUpViewController+Injection.m */; };
		9615BE00214E0F9C001801D5 /* FirebaseUIAuthInjection.m in Sources */ = {isa = PBXBuildFile; fileRef = 9615BDFF214E0F9C001801D5 /* FirebaseUIAuthInjection.m */; };
		96317C91210F56FC00F81F22 /* AppDelegate.swift in Sources */ = {isa = PBXBuildFile; fileRef = 96317C90210F56FC00F81F22 /* AppDelegate.swift */; };
		96317C98210F56FC00F81F22 /* Main.storyboard in Resources */ = {isa = PBXBuildFile; fileRef = 96317C96210F56FC00F81F22 /* Main.storyboard */; };
		96317C9A210F56FD00F81F22 /* Assets.xcassets in Resources */ = {isa = PBXBuildFile; fileRef = 96317C99210F56FD00F81F22 /* Assets.xcassets */; };
		96317C9D210F56FD00F81F22 /* LaunchScreen.storyboard in Resources */ = {isa = PBXBuildFile; fileRef = 96317C9B210F56FD00F81F22 /* LaunchScreen.storyboard */; };
		96317CA8210F56FD00F81F22 /* MealDockTests.swift in Sources */ = {isa = PBXBuildFile; fileRef = 96317CA7210F56FD00F81F22 /* MealDockTests.swift */; };
		96317CB3210F56FD00F81F22 /* MealDockUITests.swift in Sources */ = {isa = PBXBuildFile; fileRef = 96317CB2210F56FD00F81F22 /* MealDockUITests.swift */; };
		964C00BC214E22FB0099689B /* PackedListViewController.swift in Sources */ = {isa = PBXBuildFile; fileRef = 964C00BB214E22FB0099689B /* PackedListViewController.swift */; };
		964C00C0214E33610099689B /* MealDockBaseCollectionViewController.swift in Sources */ = {isa = PBXBuildFile; fileRef = 964C00BF214E33610099689B /* MealDockBaseCollectionViewController.swift */; };
		964C00C2214FA8770099689B /* Firebase+Harvests.swift in Sources */ = {isa = PBXBuildFile; fileRef = 964C00C1214FA8770099689B /* Firebase+Harvests.swift */; };
		964C00C4214FCC1A0099689B /* HarvestListViewController.swift in Sources */ = {isa = PBXBuildFile; fileRef = 964C00C3214FCC1A0099689B /* HarvestListViewController.swift */; };
		964C00C6214FDBB10099689B /* ErrandViewController.swift in Sources */ = {isa = PBXBuildFile; fileRef = 964C00C5214FDBB10099689B /* ErrandViewController.swift */; };
		964C00C8214FF2910099689B /* AppBarNavigationController.swift in Sources */ = {isa = PBXBuildFile; fileRef = 964C00C7214FF2910099689B /* AppBarNavigationController.swift */; };
		964C00CB214FFE350099689B /* AppBarContainerViewController.swift in Sources */ = {isa = PBXBuildFile; fileRef = 964C00CA214FFE350099689B /* AppBarContainerViewController.swift */; };
		965460FC21109252005AC0B3 /* Settings.bundle in Resources */ = {isa = PBXBuildFile; fileRef = 965460FB21109252005AC0B3 /* Settings.bundle */; };
		9696B4A6214C8E28001DFB60 /* Firebase+UserGroup.swift in Sources */ = {isa = PBXBuildFile; fileRef = 9696B4A5214C8E28001DFB60 /* Firebase+UserGroup.swift */; };
		96E5F24021244FBF00C2F09E /* SecondViewController.swift in Sources */ = {isa = PBXBuildFile; fileRef = 96E5F23E21244FBF00C2F09E /* SecondViewController.swift */; };
		96E5F24121244FBF00C2F09E /* FirstViewController.swift in Sources */ = {isa = PBXBuildFile; fileRef = 96E5F23F21244FBF00C2F09E /* FirstViewController.swift */; };
		96E5F243212459E000C2F09E /* FreezedListViewController.swift in Sources */ = {isa = PBXBuildFile; fileRef = 96E5F242212459E000C2F09E /* FreezedListViewController.swift */; };
		96EE887521565AE500924490 /* ErrandPageViewController.swift in Sources */ = {isa = PBXBuildFile; fileRef = 96EE887421565AE500924490 /* ErrandPageViewController.swift */; };
		96EE887821565CED00924490 /* Errand.storyboard in Resources */ = {isa = PBXBuildFile; fileRef = 96EE887621565CED00924490 /* Errand.storyboard */; };
		CCA83D52214B45BF00226382 /* GoogleService-Info.plist in Resources */ = {isa = PBXBuildFile; fileRef = CCA83D51214B45BF00226382 /* GoogleService-Info.plist */; };
		CCDC94E2214B813B007FBAB0 /* InitViewController.swift in Sources */ = {isa = PBXBuildFile; fileRef = CCDC94E1214B813B007FBAB0 /* InitViewController.swift */; };
		CCDC94E5214B8239007FBAB0 /* FirebaseService.swift in Sources */ = {isa = PBXBuildFile; fileRef = CCDC94E4214B8239007FBAB0 /* FirebaseService.swift */; };
		CCDC94F0214BB235007FBAB0 /* FUIPasswordSignInViewController+Injection.m in Sources */ = {isa = PBXBuildFile; fileRef = CCDC94EF214BB235007FBAB0 /* FUIPasswordSignInViewController+Injection.m */; };
		CCDC94F42150E853007FBAB0 /* Harvest.swift in Sources */ = {isa = PBXBuildFile; fileRef = CCDC94F32150E853007FBAB0 /* Harvest.swift */; };
		EAA25D2ED327EDD0EA90FDC7 /* Pods_MealDock.framework in Frameworks */ = {isa = PBXBuildFile; fileRef = D43F49E848D2ECAED9C04A48 /* Pods_MealDock.framework */; };
/* End PBXBuildFile section */

/* Begin PBXContainerItemProxy section */
		96317CA4210F56FD00F81F22 /* PBXContainerItemProxy */ = {
			isa = PBXContainerItemProxy;
			containerPortal = 96317C85210F56FC00F81F22 /* Project object */;
			proxyType = 1;
			remoteGlobalIDString = 96317C8C210F56FC00F81F22;
			remoteInfo = MealDock;
		};
		96317CAF210F56FD00F81F22 /* PBXContainerItemProxy */ = {
			isa = PBXContainerItemProxy;
			containerPortal = 96317C85210F56FC00F81F22 /* Project object */;
			proxyType = 1;
			remoteGlobalIDString = 96317C8C210F56FC00F81F22;
			remoteInfo = MealDock;
		};
/* End PBXContainerItemProxy section */

/* Begin PBXFileReference section */
		21C49D9CEEE8533906C5B8C0 /* Pods-MealDock.debug.xcconfig */ = {isa = PBXFileReference; includeInIndex = 1; lastKnownFileType = text.xcconfig; name = "Pods-MealDock.debug.xcconfig"; path = "Pods/Target Support Files/Pods-MealDock/Pods-MealDock.debug.xcconfig"; sourceTree = "<group>"; };
		9615BDE7214CA79C001801D5 /* SettingsViewController.swift */ = {isa = PBXFileReference; lastKnownFileType = sourcecode.swift; path = SettingsViewController.swift; sourceTree = "<group>"; };
		9615BDEA214CA7E0001801D5 /* Base */ = {isa = PBXFileReference; lastKnownFileType = file.storyboard; name = Base; path = Base.lproj/FreezedList.storyboard; sourceTree = "<group>"; };
		9615BDED214CA822001801D5 /* Base */ = {isa = PBXFileReference; lastKnownFileType = file.storyboard; name = Base; path = Base.lproj/HarvestList.storyboard; sourceTree = "<group>"; };
		9615BDF0214CA855001801D5 /* Base */ = {isa = PBXFileReference; lastKnownFileType = file.storyboard; name = Base; path = Base.lproj/PackedList.storyboard; sourceTree = "<group>"; };
		9615BDF3214D3605001801D5 /* Base */ = {isa = PBXFileReference; lastKnownFileType = file.storyboard; name = Base; path = Base.lproj/Settings.storyboard; sourceTree = "<group>"; };
		9615BDF6214D42E7001801D5 /* Localizable.strings */ = {isa = PBXFileReference; lastKnownFileType = text.plist.strings; path = Localizable.strings; sourceTree = "<group>"; };
		9615BDFA214E0F1A001801D5 /* FUIPasswordSignUpViewController+Injection.h */ = {isa = PBXFileReference; lastKnownFileType = sourcecode.c.h; path = "FUIPasswordSignUpViewController+Injection.h"; sourceTree = "<group>"; };
		9615BDFB214E0F1A001801D5 /* FUIPasswordSignUpViewController+Injection.m */ = {isa = PBXFileReference; lastKnownFileType = sourcecode.c.objc; path = "FUIPasswordSignUpViewController+Injection.m"; sourceTree = "<group>"; };
		9615BDFE214E0F9C001801D5 /* FirebaseUIAuthInjection.h */ = {isa = PBXFileReference; lastKnownFileType = sourcecode.c.h; path = FirebaseUIAuthInjection.h; sourceTree = "<group>"; };
		9615BDFF214E0F9C001801D5 /* FirebaseUIAuthInjection.m */ = {isa = PBXFileReference; lastKnownFileType = sourcecode.c.objc; path = FirebaseUIAuthInjection.m; sourceTree = "<group>"; };
		96317C8D210F56FC00F81F22 /* MealDock.app */ = {isa = PBXFileReference; explicitFileType = wrapper.application; includeInIndex = 0; path = MealDock.app; sourceTree = BUILT_PRODUCTS_DIR; };
		96317C90210F56FC00F81F22 /* AppDelegate.swift */ = {isa = PBXFileReference; lastKnownFileType = sourcecode.swift; path = AppDelegate.swift; sourceTree = "<group>"; };
		96317C97210F56FC00F81F22 /* Base */ = {isa = PBXFileReference; lastKnownFileType = file.storyboard; name = Base; path = Base.lproj/Main.storyboard; sourceTree = "<group>"; };
		96317C99210F56FD00F81F22 /* Assets.xcassets */ = {isa = PBXFileReference; lastKnownFileType = folder.assetcatalog; path = Assets.xcassets; sourceTree = "<group>"; };
		96317C9C210F56FD00F81F22 /* Base */ = {isa = PBXFileReference; lastKnownFileType = file.storyboard; name = Base; path = Base.lproj/LaunchScreen.storyboard; sourceTree = "<group>"; };
		96317C9E210F56FD00F81F22 /* Info.plist */ = {isa = PBXFileReference; lastKnownFileType = text.plist.xml; path = Info.plist; sourceTree = "<group>"; };
		96317CA3210F56FD00F81F22 /* MealDockTests.xctest */ = {isa = PBXFileReference; explicitFileType = wrapper.cfbundle; includeInIndex = 0; path = MealDockTests.xctest; sourceTree = BUILT_PRODUCTS_DIR; };
		96317CA7210F56FD00F81F22 /* MealDockTests.swift */ = {isa = PBXFileReference; lastKnownFileType = sourcecode.swift; path = MealDockTests.swift; sourceTree = "<group>"; };
		96317CA9210F56FD00F81F22 /* Info.plist */ = {isa = PBXFileReference; lastKnownFileType = text.plist.xml; path = Info.plist; sourceTree = "<group>"; };
		96317CAE210F56FD00F81F22 /* MealDockUITests.xctest */ = {isa = PBXFileReference; explicitFileType = wrapper.cfbundle; includeInIndex = 0; path = MealDockUITests.xctest; sourceTree = BUILT_PRODUCTS_DIR; };
		96317CB2210F56FD00F81F22 /* MealDockUITests.swift */ = {isa = PBXFileReference; lastKnownFileType = sourcecode.swift; path = MealDockUITests.swift; sourceTree = "<group>"; };
		96317CB4210F56FD00F81F22 /* Info.plist */ = {isa = PBXFileReference; lastKnownFileType = text.plist.xml; path = Info.plist; sourceTree = "<group>"; };
		964C00BB214E22FB0099689B /* PackedListViewController.swift */ = {isa = PBXFileReference; lastKnownFileType = sourcecode.swift; path = PackedListViewController.swift; sourceTree = "<group>"; };
		964C00BF214E33610099689B /* MealDockBaseCollectionViewController.swift */ = {isa = PBXFileReference; lastKnownFileType = sourcecode.swift; path = MealDockBaseCollectionViewController.swift; sourceTree = "<group>"; };
		964C00C1214FA8770099689B /* Firebase+Harvests.swift */ = {isa = PBXFileReference; lastKnownFileType = sourcecode.swift; path = "Firebase+Harvests.swift"; sourceTree = "<group>"; };
		964C00C3214FCC1A0099689B /* HarvestListViewController.swift */ = {isa = PBXFileReference; lastKnownFileType = sourcecode.swift; path = HarvestListViewController.swift; sourceTree = "<group>"; };
		964C00C5214FDBB10099689B /* ErrandViewController.swift */ = {isa = PBXFileReference; lastKnownFileType = sourcecode.swift; path = ErrandViewController.swift; sourceTree = "<group>"; };
		964C00C7214FF2910099689B /* AppBarNavigationController.swift */ = {isa = PBXFileReference; lastKnownFileType = sourcecode.swift; path = AppBarNavigationController.swift; sourceTree = "<group>"; };
		964C00CA214FFE350099689B /* AppBarContainerViewController.swift */ = {isa = PBXFileReference; lastKnownFileType = sourcecode.swift; path = AppBarContainerViewController.swift; sourceTree = "<group>"; };
		965460FB21109252005AC0B3 /* Settings.bundle */ = {isa = PBXFileReference; lastKnownFileType = "wrapper.plug-in"; path = Settings.bundle; sourceTree = "<group>"; };
		9696B4A5214C8E28001DFB60 /* Firebase+UserGroup.swift */ = {isa = PBXFileReference; lastKnownFileType = sourcecode.swift; path = "Firebase+UserGroup.swift"; sourceTree = "<group>"; };
		96E5F23E21244FBF00C2F09E /* SecondViewController.swift */ = {isa = PBXFileReference; fileEncoding = 4; lastKnownFileType = sourcecode.swift; path = SecondViewController.swift; sourceTree = "<group>"; };
		96E5F23F21244FBF00C2F09E /* FirstViewController.swift */ = {isa = PBXFileReference; fileEncoding = 4; lastKnownFileType = sourcecode.swift; path = FirstViewController.swift; sourceTree = "<group>"; };
		96E5F242212459E000C2F09E /* FreezedListViewController.swift */ = {isa = PBXFileReference; lastKnownFileType = sourcecode.swift; path = FreezedListViewController.swift; sourceTree = "<group>"; };
		96EE887421565AE500924490 /* ErrandPageViewController.swift */ = {isa = PBXFileReference; lastKnownFileType = sourcecode.swift; path = ErrandPageViewController.swift; sourceTree = "<group>"; };
		96EE887721565CED00924490 /* Base */ = {isa = PBXFileReference; lastKnownFileType = file.storyboard; name = Base; path = Base.lproj/Errand.storyboard; sourceTree = "<group>"; };
		A96E94D7D1293B4BD678E76E /* Pods-MealDock.release.xcconfig */ = {isa = PBXFileReference; includeInIndex = 1; lastKnownFileType = text.xcconfig; name = "Pods-MealDock.release.xcconfig"; path = "Pods/Target Support Files/Pods-MealDock/Pods-MealDock.release.xcconfig"; sourceTree = "<group>"; };
		CC7A3DC6214A2D6600F50AB0 /* MealDock-Bridging-Header.h */ = {isa = PBXFileReference; lastKnownFileType = sourcecode.c.h; path = "MealDock-Bridging-Header.h"; sourceTree = "<group>"; };
		CCA83D51214B45BF00226382 /* GoogleService-Info.plist */ = {isa = PBXFileReference; fileEncoding = 4; lastKnownFileType = text.plist.xml; path = "GoogleService-Info.plist"; sourceTree = "<group>"; };
		CCDC94E1214B813B007FBAB0 /* InitViewController.swift */ = {isa = PBXFileReference; lastKnownFileType = sourcecode.swift; path = InitViewController.swift; sourceTree = "<group>"; };
		CCDC94E4214B8239007FBAB0 /* FirebaseService.swift */ = {isa = PBXFileReference; lastKnownFileType = sourcecode.swift; path = FirebaseService.swift; sourceTree = "<group>"; };
		CCDC94EE214BB235007FBAB0 /* FUIPasswordSignInViewController+Injection.h */ = {isa = PBXFileReference; lastKnownFileType = sourcecode.c.h; path = "FUIPasswordSignInViewController+Injection.h"; sourceTree = "<group>"; };
		CCDC94EF214BB235007FBAB0 /* FUIPasswordSignInViewController+Injection.m */ = {isa = PBXFileReference; lastKnownFileType = sourcecode.c.objc; path = "FUIPasswordSignInViewController+Injection.m"; sourceTree = "<group>"; };
		CCDC94F32150E853007FBAB0 /* Harvest.swift */ = {isa = PBXFileReference; lastKnownFileType = sourcecode.swift; path = Harvest.swift; sourceTree = "<group>"; };
		D43F49E848D2ECAED9C04A48 /* Pods_MealDock.framework */ = {isa = PBXFileReference; explicitFileType = wrapper.framework; includeInIndex = 0; path = Pods_MealDock.framework; sourceTree = BUILT_PRODUCTS_DIR; };
/* End PBXFileReference section */

/* Begin PBXFrameworksBuildPhase section */
		96317C8A210F56FC00F81F22 /* Frameworks */ = {
			isa = PBXFrameworksBuildPhase;
			buildActionMask = 2147483647;
			files = (
				EAA25D2ED327EDD0EA90FDC7 /* Pods_MealDock.framework in Frameworks */,
			);
			runOnlyForDeploymentPostprocessing = 0;
		};
		96317CA0210F56FD00F81F22 /* Frameworks */ = {
			isa = PBXFrameworksBuildPhase;
			buildActionMask = 2147483647;
			files = (
			);
			runOnlyForDeploymentPostprocessing = 0;
		};
		96317CAB210F56FD00F81F22 /* Frameworks */ = {
			isa = PBXFrameworksBuildPhase;
			buildActionMask = 2147483647;
			files = (
			);
			runOnlyForDeploymentPostprocessing = 0;
		};
/* End PBXFrameworksBuildPhase section */

/* Begin PBXGroup section */
		0C0027EFAFC64BD498325A37 /* Pods */ = {
			isa = PBXGroup;
			children = (
				21C49D9CEEE8533906C5B8C0 /* Pods-MealDock.debug.xcconfig */,
				A96E94D7D1293B4BD678E76E /* Pods-MealDock.release.xcconfig */,
			);
			name = Pods;
			sourceTree = "<group>";
		};
		9615BDF5214D40BF001801D5 /* Storyboards */ = {
			isa = PBXGroup;
			children = (
				96317C9B210F56FD00F81F22 /* LaunchScreen.storyboard */,
				96317C96210F56FC00F81F22 /* Main.storyboard */,
				9615BDF2214D3605001801D5 /* Settings.storyboard */,
				9615BDEF214CA855001801D5 /* PackedList.storyboard */,
				9615BDEC214CA822001801D5 /* HarvestList.storyboard */,
				9615BDE9214CA7E0001801D5 /* FreezedList.storyboard */,
				96EE887621565CED00924490 /* Errand.storyboard */,
			);
			name = Storyboards;
			sourceTree = "<group>";
		};
		96317C84210F56FC00F81F22 = {
			isa = PBXGroup;
			children = (
				96317C8F210F56FC00F81F22 /* MealDock */,
				96317CA6210F56FD00F81F22 /* MealDockTests */,
				96317CB1210F56FD00F81F22 /* MealDockUITests */,
				96317C8E210F56FC00F81F22 /* Products */,
				0C0027EFAFC64BD498325A37 /* Pods */,
				AA70B33A27ACF3C86E6A50F3 /* Frameworks */,
			);
			sourceTree = "<group>";
		};
		96317C8E210F56FC00F81F22 /* Products */ = {
			isa = PBXGroup;
			children = (
				96317C8D210F56FC00F81F22 /* MealDock.app */,
				96317CA3210F56FD00F81F22 /* MealDockTests.xctest */,
				96317CAE210F56FD00F81F22 /* MealDockUITests.xctest */,
			);
			name = Products;
			sourceTree = "<group>";
		};
		96317C8F210F56FC00F81F22 /* MealDock */ = {
			isa = PBXGroup;
			children = (
				CCDC94F22150E829007FBAB0 /* Models */,
				9615BDF5214D40BF001801D5 /* Storyboards */,
				CCDC94E3214B81EB007FBAB0 /* Services */,
				96E5F23D21109A7C00C2F09E /* ViewControllers */,
				965460FB21109252005AC0B3 /* Settings.bundle */,
				96317C90210F56FC00F81F22 /* AppDelegate.swift */,
				96317C99210F56FD00F81F22 /* Assets.xcassets */,
				96317C9E210F56FD00F81F22 /* Info.plist */,
				CC7A3DC6214A2D6600F50AB0 /* MealDock-Bridging-Header.h */,
				9615BDF6214D42E7001801D5 /* Localizable.strings */,
			);
			path = MealDock;
			sourceTree = "<group>";
		};
		96317CA6210F56FD00F81F22 /* MealDockTests */ = {
			isa = PBXGroup;
			children = (
				96317CA7210F56FD00F81F22 /* MealDockTests.swift */,
				96317CA9210F56FD00F81F22 /* Info.plist */,
			);
			path = MealDockTests;
			sourceTree = "<group>";
		};
		96317CB1210F56FD00F81F22 /* MealDockUITests */ = {
			isa = PBXGroup;
			children = (
				96317CB2210F56FD00F81F22 /* MealDockUITests.swift */,
				96317CB4210F56FD00F81F22 /* Info.plist */,
			);
			path = MealDockUITests;
			sourceTree = "<group>";
		};
		964C00C9214FF2A20099689B /* Extends */ = {
			isa = PBXGroup;
			children = (
				964C00C7214FF2910099689B /* AppBarNavigationController.swift */,
				964C00BF214E33610099689B /* MealDockBaseCollectionViewController.swift */,
				964C00CA214FFE350099689B /* AppBarContainerViewController.swift */,
			);
			path = Extends;
			sourceTree = "<group>";
		};
		9696B4A4214C8DAF001DFB60 /* Firebase */ = {
			isa = PBXGroup;
			children = (
				9696B4A7214C91A3001DFB60 /* Injections */,
				CCDC94E4214B8239007FBAB0 /* FirebaseService.swift */,
				CCA83D51214B45BF00226382 /* GoogleService-Info.plist */,
				9696B4A5214C8E28001DFB60 /* Firebase+UserGroup.swift */,
				964C00C1214FA8770099689B /* Firebase+Harvests.swift */,
			);
			path = Firebase;
			sourceTree = "<group>";
		};
		9696B4A7214C91A3001DFB60 /* Injections */ = {
			isa = PBXGroup;
			children = (
				CCDC94EE214BB235007FBAB0 /* FUIPasswordSignInViewController+Injection.h */,
				CCDC94EF214BB235007FBAB0 /* FUIPasswordSignInViewController+Injection.m */,
				9615BDFA214E0F1A001801D5 /* FUIPasswordSignUpViewController+Injection.h */,
				9615BDFB214E0F1A001801D5 /* FUIPasswordSignUpViewController+Injection.m */,
				9615BDFE214E0F9C001801D5 /* FirebaseUIAuthInjection.h */,
				9615BDFF214E0F9C001801D5 /* FirebaseUIAuthInjection.m */,
			);
			path = Injections;
			sourceTree = "<group>";
		};
		96E5F23D21109A7C00C2F09E /* ViewControllers */ = {
			isa = PBXGroup;
			children = (
				964C00C9214FF2A20099689B /* Extends */,
				CCDC94E1214B813B007FBAB0 /* InitViewController.swift */,
				9615BDE7214CA79C001801D5 /* SettingsViewController.swift */,
				96E5F23F21244FBF00C2F09E /* FirstViewController.swift */,
				96E5F23E21244FBF00C2F09E /* SecondViewController.swift */,
				964C00C3214FCC1A0099689B /* HarvestListViewController.swift */,
				96E5F242212459E000C2F09E /* FreezedListViewController.swift */,
				964C00BB214E22FB0099689B /* PackedListViewController.swift */,
				964C00C5214FDBB10099689B /* ErrandViewController.swift */,
				96EE887421565AE500924490 /* ErrandPageViewController.swift */,
			);
			path = ViewControllers;
			sourceTree = "<group>";
		};
		AA70B33A27ACF3C86E6A50F3 /* Frameworks */ = {
			isa = PBXGroup;
			children = (
				D43F49E848D2ECAED9C04A48 /* Pods_MealDock.framework */,
			);
			name = Frameworks;
			sourceTree = "<group>";
		};
		CCDC94E3214B81EB007FBAB0 /* Services */ = {
			isa = PBXGroup;
			children = (
				9696B4A4214C8DAF001DFB60 /* Firebase */,
			);
			path = Services;
			sourceTree = "<group>";
		};
		CCDC94F22150E829007FBAB0 /* Models */ = {
			isa = PBXGroup;
			children = (
				CCDC94F32150E853007FBAB0 /* Harvest.swift */,
			);
			path = Models;
			sourceTree = "<group>";
		};
/* End PBXGroup section */

/* Begin PBXNativeTarget section */
		96317C8C210F56FC00F81F22 /* MealDock */ = {
			isa = PBXNativeTarget;
			buildConfigurationList = 96317CB7210F56FD00F81F22 /* Build configuration list for PBXNativeTarget "MealDock" */;
			buildPhases = (
				0BA9F25369CBCFC1B6E0B000 /* [CP] Check Pods Manifest.lock */,
				96317C89210F56FC00F81F22 /* Sources */,
				96317C8A210F56FC00F81F22 /* Frameworks */,
				96317C8B210F56FC00F81F22 /* Resources */,
				A453649339ECB2BDDC675D29 /* [CP] Embed Pods Frameworks */,
				965460FD211093F2005AC0B3 /* Auto Increments Build Number */,
				0E913DA41B4B2236E2065201 /* [CP] Copy Pods Resources */,
			);
			buildRules = (
			);
			dependencies = (
			);
			name = MealDock;
			productName = MealDock;
			productReference = 96317C8D210F56FC00F81F22 /* MealDock.app */;
			productType = "com.apple.product-type.application";
		};
		96317CA2210F56FD00F81F22 /* MealDockTests */ = {
			isa = PBXNativeTarget;
			buildConfigurationList = 96317CBA210F56FD00F81F22 /* Build configuration list for PBXNativeTarget "MealDockTests" */;
			buildPhases = (
				96317C9F210F56FD00F81F22 /* Sources */,
				96317CA0210F56FD00F81F22 /* Frameworks */,
				96317CA1210F56FD00F81F22 /* Resources */,
			);
			buildRules = (
			);
			dependencies = (
				96317CA5210F56FD00F81F22 /* PBXTargetDependency */,
			);
			name = MealDockTests;
			productName = MealDockTests;
			productReference = 96317CA3210F56FD00F81F22 /* MealDockTests.xctest */;
			productType = "com.apple.product-type.bundle.unit-test";
		};
		96317CAD210F56FD00F81F22 /* MealDockUITests */ = {
			isa = PBXNativeTarget;
			buildConfigurationList = 96317CBD210F56FD00F81F22 /* Build configuration list for PBXNativeTarget "MealDockUITests" */;
			buildPhases = (
				96317CAA210F56FD00F81F22 /* Sources */,
				96317CAB210F56FD00F81F22 /* Frameworks */,
				96317CAC210F56FD00F81F22 /* Resources */,
			);
			buildRules = (
			);
			dependencies = (
				96317CB0210F56FD00F81F22 /* PBXTargetDependency */,
			);
			name = MealDockUITests;
			productName = MealDockUITests;
			productReference = 96317CAE210F56FD00F81F22 /* MealDockUITests.xctest */;
			productType = "com.apple.product-type.bundle.ui-testing";
		};
/* End PBXNativeTarget section */

/* Begin PBXProject section */
		96317C85210F56FC00F81F22 /* Project object */ = {
			isa = PBXProject;
			attributes = {
				LastSwiftUpdateCheck = 0940;
				LastUpgradeCheck = 0940;
				ORGANIZATIONNAME = WataruSuzuki;
				TargetAttributes = {
					96317C8C210F56FC00F81F22 = {
						CreatedOnToolsVersion = 9.4.1;
						LastSwiftMigration = 0940;
					};
					96317CA2210F56FD00F81F22 = {
						CreatedOnToolsVersion = 9.4.1;
						TestTargetID = 96317C8C210F56FC00F81F22;
					};
					96317CAD210F56FD00F81F22 = {
						CreatedOnToolsVersion = 9.4.1;
						TestTargetID = 96317C8C210F56FC00F81F22;
					};
				};
			};
			buildConfigurationList = 96317C88210F56FC00F81F22 /* Build configuration list for PBXProject "MealDock" */;
			compatibilityVersion = "Xcode 9.3";
			developmentRegion = en;
			hasScannedForEncodings = 0;
			knownRegions = (
				en,
				Base,
			);
			mainGroup = 96317C84210F56FC00F81F22;
			productRefGroup = 96317C8E210F56FC00F81F22 /* Products */;
			projectDirPath = "";
			projectRoot = "";
			targets = (
				96317C8C210F56FC00F81F22 /* MealDock */,
				96317CA2210F56FD00F81F22 /* MealDockTests */,
				96317CAD210F56FD00F81F22 /* MealDockUITests */,
			);
		};
/* End PBXProject section */

/* Begin PBXResourcesBuildPhase section */
		96317C8B210F56FC00F81F22 /* Resources */ = {
			isa = PBXResourcesBuildPhase;
			buildActionMask = 2147483647;
			files = (
				9615BDF1214CA855001801D5 /* PackedList.storyboard in Resources */,
				965460FC21109252005AC0B3 /* Settings.bundle in Resources */,
				96317C9D210F56FD00F81F22 /* LaunchScreen.storyboard in Resources */,
				CCA83D52214B45BF00226382 /* GoogleService-Info.plist in Resources */,
				96317C9A210F56FD00F81F22 /* Assets.xcassets in Resources */,
				9615BDF7214D42E7001801D5 /* Localizable.strings in Resources */,
				9615BDEB214CA7E0001801D5 /* FreezedList.storyboard in Resources */,
				9615BDF4214D3605001801D5 /* Settings.storyboard in Resources */,
				96317C98210F56FC00F81F22 /* Main.storyboard in Resources */,
				96EE887821565CED00924490 /* Errand.storyboard in Resources */,
				9615BDEE214CA822001801D5 /* HarvestList.storyboard in Resources */,
			);
			runOnlyForDeploymentPostprocessing = 0;
		};
		96317CA1210F56FD00F81F22 /* Resources */ = {
			isa = PBXResourcesBuildPhase;
			buildActionMask = 2147483647;
			files = (
			);
			runOnlyForDeploymentPostprocessing = 0;
		};
		96317CAC210F56FD00F81F22 /* Resources */ = {
			isa = PBXResourcesBuildPhase;
			buildActionMask = 2147483647;
			files = (
			);
			runOnlyForDeploymentPostprocessing = 0;
		};
/* End PBXResourcesBuildPhase section */

/* Begin PBXShellScriptBuildPhase section */
		0BA9F25369CBCFC1B6E0B000 /* [CP] Check Pods Manifest.lock */ = {
			isa = PBXShellScriptBuildPhase;
			buildActionMask = 2147483647;
			files = (
			);
			inputPaths = (
				"${PODS_PODFILE_DIR_PATH}/Podfile.lock",
				"${PODS_ROOT}/Manifest.lock",
			);
			name = "[CP] Check Pods Manifest.lock";
			outputPaths = (
				"$(DERIVED_FILE_DIR)/Pods-MealDock-checkManifestLockResult.txt",
			);
			runOnlyForDeploymentPostprocessing = 0;
			shellPath = /bin/sh;
			shellScript = "diff \"${PODS_PODFILE_DIR_PATH}/Podfile.lock\" \"${PODS_ROOT}/Manifest.lock\" > /dev/null\nif [ $? != 0 ] ; then\n    # print error to STDERR\n    echo \"error: The sandbox is not in sync with the Podfile.lock. Run 'pod install' or update your CocoaPods installation.\" >&2\n    exit 1\nfi\n# This output is used by Xcode 'outputs' to avoid re-running this script phase.\necho \"SUCCESS\" > \"${SCRIPT_OUTPUT_FILE_0}\"\n";
			showEnvVarsInLog = 0;
		};
		0E913DA41B4B2236E2065201 /* [CP] Copy Pods Resources */ = {
			isa = PBXShellScriptBuildPhase;
			buildActionMask = 2147483647;
			files = (
			);
			inputPaths = (
				"${SRCROOT}/Pods/Target Support Files/Pods-MealDock/Pods-MealDock-resources.sh",
				"${PODS_CONFIGURATION_BUILD_DIR}/FirebaseUI/FirebaseAnonymousAuthUI.bundle",
				"${PODS_CONFIGURATION_BUILD_DIR}/FirebaseUI/FirebaseAuthUI.bundle",
				"${PODS_CONFIGURATION_BUILD_DIR}/FirebaseUI/FirebaseFacebookAuthUI.bundle",
				"${PODS_CONFIGURATION_BUILD_DIR}/FirebaseUI/FirebaseGoogleAuthUI.bundle",
				"${PODS_CONFIGURATION_BUILD_DIR}/FirebaseUI/FirebasePhoneAuthUI.bundle",
				"${PODS_CONFIGURATION_BUILD_DIR}/FirebaseUI/FirebaseTwitterAuthUI.bundle",
				"${PODS_ROOT}/GoogleSignIn/Resources/GoogleSignIn.bundle",
				"${PODS_ROOT}/NendSDK_iOS/NendAd.embeddedframework/NendAd.framework/Resources/NendAdResource.bundle",
				"${PODS_ROOT}/TwitterKit/iOS/TwitterKit.framework/TwitterKitResources.bundle",
			);
			name = "[CP] Copy Pods Resources";
			outputPaths = (
				"${TARGET_BUILD_DIR}/${UNLOCALIZED_RESOURCES_FOLDER_PATH}/FirebaseAnonymousAuthUI.bundle",
				"${TARGET_BUILD_DIR}/${UNLOCALIZED_RESOURCES_FOLDER_PATH}/FirebaseAuthUI.bundle",
				"${TARGET_BUILD_DIR}/${UNLOCALIZED_RESOURCES_FOLDER_PATH}/FirebaseFacebookAuthUI.bundle",
				"${TARGET_BUILD_DIR}/${UNLOCALIZED_RESOURCES_FOLDER_PATH}/FirebaseGoogleAuthUI.bundle",
				"${TARGET_BUILD_DIR}/${UNLOCALIZED_RESOURCES_FOLDER_PATH}/FirebasePhoneAuthUI.bundle",
				"${TARGET_BUILD_DIR}/${UNLOCALIZED_RESOURCES_FOLDER_PATH}/FirebaseTwitterAuthUI.bundle",
				"${TARGET_BUILD_DIR}/${UNLOCALIZED_RESOURCES_FOLDER_PATH}/GoogleSignIn.bundle",
				"${TARGET_BUILD_DIR}/${UNLOCALIZED_RESOURCES_FOLDER_PATH}/NendAdResource.bundle",
				"${TARGET_BUILD_DIR}/${UNLOCALIZED_RESOURCES_FOLDER_PATH}/TwitterKitResources.bundle",
			);
			runOnlyForDeploymentPostprocessing = 0;
			shellPath = /bin/sh;
			shellScript = "\"${SRCROOT}/Pods/Target Support Files/Pods-MealDock/Pods-MealDock-resources.sh\"\n";
			showEnvVarsInLog = 0;
		};
		965460FD211093F2005AC0B3 /* Auto Increments Build Number */ = {
			isa = PBXShellScriptBuildPhase;
			buildActionMask = 2147483647;
			files = (
			);
			inputPaths = (
			);
			name = "Auto Increments Build Number";
			outputPaths = (
			);
			runOnlyForDeploymentPostprocessing = 0;
			shellPath = /bin/sh;
			shellScript = ./auto_increments_build_no.sh;
		};
		A453649339ECB2BDDC675D29 /* [CP] Embed Pods Frameworks */ = {
			isa = PBXShellScriptBuildPhase;
			buildActionMask = 2147483647;
			files = (
			);
			inputPaths = (
				"${SRCROOT}/Pods/Target Support Files/Pods-MealDock/Pods-MealDock-frameworks.sh",
				"${BUILT_PRODUCTS_DIR}/Alamofire/Alamofire.framework",
				"${BUILT_PRODUCTS_DIR}/Bolts/Bolts.framework",
				"${BUILT_PRODUCTS_DIR}/BoringSSL/openssl.framework",
				"${BUILT_PRODUCTS_DIR}/CodableFirebase/CodableFirebase.framework",
				"${PODS_ROOT}/DJKInAppPurchase/DJKInAppPurchase.framework",
				"${BUILT_PRODUCTS_DIR}/DJKUtilities/DJKUtilities.framework",
				"${BUILT_PRODUCTS_DIR}/DZNEmptyDataSet/DZNEmptyDataSet.framework",
				"${BUILT_PRODUCTS_DIR}/FBSDKCoreKit/FBSDKCoreKit.framework",
				"${BUILT_PRODUCTS_DIR}/FBSDKLoginKit/FBSDKLoginKit.framework",
				"${BUILT_PRODUCTS_DIR}/GTMOAuth2/GTMOAuth2.framework",
				"${BUILT_PRODUCTS_DIR}/GTMSessionFetcher/GTMSessionFetcher.framework",
				"${BUILT_PRODUCTS_DIR}/GoogleToolboxForMac/GoogleToolboxForMac.framework",
				"${BUILT_PRODUCTS_DIR}/GoogleUtilities/GoogleUtilities.framework",
				"${BUILT_PRODUCTS_DIR}/MDFInternationalization/MDFInternationalization.framework",
				"${BUILT_PRODUCTS_DIR}/MDFTextAccessibility/MDFTextAccessibility.framework",
				"${BUILT_PRODUCTS_DIR}/MaterialComponents/MaterialComponents.framework",
				"${BUILT_PRODUCTS_DIR}/MotionAnimator/MotionAnimator.framework",
				"${BUILT_PRODUCTS_DIR}/MotionInterchange/MotionInterchange.framework",
				"${BUILT_PRODUCTS_DIR}/MotionTransitioning/MotionTransitioning.framework",
				"${BUILT_PRODUCTS_DIR}/PersonalizedAdConsent/PersonalizedAdConsent.framework",
				"${BUILT_PRODUCTS_DIR}/Protobuf/Protobuf.framework",
				"${BUILT_PRODUCTS_DIR}/PureLayout/PureLayout.framework",
				"${BUILT_PRODUCTS_DIR}/SDWebImage/SDWebImage.framework",
				"${BUILT_PRODUCTS_DIR}/SimpleKeychain/SimpleKeychain.framework",
				"${PODS_ROOT}/TwitterCore/iOS/TwitterCore.framework",
				"${PODS_ROOT}/TwitterKit/iOS/TwitterKit.framework",
				"${BUILT_PRODUCTS_DIR}/gRPC/GRPCClient.framework",
				"${BUILT_PRODUCTS_DIR}/gRPC-C++/grpcpp.framework",
				"${BUILT_PRODUCTS_DIR}/gRPC-Core/grpc.framework",
				"${BUILT_PRODUCTS_DIR}/gRPC-ProtoRPC/ProtoRPC.framework",
				"${BUILT_PRODUCTS_DIR}/gRPC-RxLibrary/RxLibrary.framework",
				"${BUILT_PRODUCTS_DIR}/leveldb-library/leveldb.framework",
				"${BUILT_PRODUCTS_DIR}/nanopb/nanopb.framework",
			);
			name = "[CP] Embed Pods Frameworks";
			outputPaths = (
				"${TARGET_BUILD_DIR}/${FRAMEWORKS_FOLDER_PATH}/Alamofire.framework",
				"${TARGET_BUILD_DIR}/${FRAMEWORKS_FOLDER_PATH}/Bolts.framework",
				"${TARGET_BUILD_DIR}/${FRAMEWORKS_FOLDER_PATH}/openssl.framework",
				"${TARGET_BUILD_DIR}/${FRAMEWORKS_FOLDER_PATH}/CodableFirebase.framework",
				"${TARGET_BUILD_DIR}/${FRAMEWORKS_FOLDER_PATH}/DJKInAppPurchase.framework",
				"${TARGET_BUILD_DIR}/${FRAMEWORKS_FOLDER_PATH}/DJKUtilities.framework",
				"${TARGET_BUILD_DIR}/${FRAMEWORKS_FOLDER_PATH}/DZNEmptyDataSet.framework",
				"${TARGET_BUILD_DIR}/${FRAMEWORKS_FOLDER_PATH}/FBSDKCoreKit.framework",
				"${TARGET_BUILD_DIR}/${FRAMEWORKS_FOLDER_PATH}/FBSDKLoginKit.framework",
				"${TARGET_BUILD_DIR}/${FRAMEWORKS_FOLDER_PATH}/GTMOAuth2.framework",
				"${TARGET_BUILD_DIR}/${FRAMEWORKS_FOLDER_PATH}/GTMSessionFetcher.framework",
				"${TARGET_BUILD_DIR}/${FRAMEWORKS_FOLDER_PATH}/GoogleToolboxForMac.framework",
				"${TARGET_BUILD_DIR}/${FRAMEWORKS_FOLDER_PATH}/GoogleUtilities.framework",
				"${TARGET_BUILD_DIR}/${FRAMEWORKS_FOLDER_PATH}/MDFInternationalization.framework",
				"${TARGET_BUILD_DIR}/${FRAMEWORKS_FOLDER_PATH}/MDFTextAccessibility.framework",
				"${TARGET_BUILD_DIR}/${FRAMEWORKS_FOLDER_PATH}/MaterialComponents.framework",
				"${TARGET_BUILD_DIR}/${FRAMEWORKS_FOLDER_PATH}/MotionAnimator.framework",
				"${TARGET_BUILD_DIR}/${FRAMEWORKS_FOLDER_PATH}/MotionInterchange.framework",
				"${TARGET_BUILD_DIR}/${FRAMEWORKS_FOLDER_PATH}/MotionTransitioning.framework",
				"${TARGET_BUILD_DIR}/${FRAMEWORKS_FOLDER_PATH}/PersonalizedAdConsent.framework",
				"${TARGET_BUILD_DIR}/${FRAMEWORKS_FOLDER_PATH}/Protobuf.framework",
				"${TARGET_BUILD_DIR}/${FRAMEWORKS_FOLDER_PATH}/PureLayout.framework",
				"${TARGET_BUILD_DIR}/${FRAMEWORKS_FOLDER_PATH}/SDWebImage.framework",
				"${TARGET_BUILD_DIR}/${FRAMEWORKS_FOLDER_PATH}/SimpleKeychain.framework",
				"${TARGET_BUILD_DIR}/${FRAMEWORKS_FOLDER_PATH}/TwitterCore.framework",
				"${TARGET_BUILD_DIR}/${FRAMEWORKS_FOLDER_PATH}/TwitterKit.framework",
				"${TARGET_BUILD_DIR}/${FRAMEWORKS_FOLDER_PATH}/GRPCClient.framework",
				"${TARGET_BUILD_DIR}/${FRAMEWORKS_FOLDER_PATH}/grpcpp.framework",
				"${TARGET_BUILD_DIR}/${FRAMEWORKS_FOLDER_PATH}/grpc.framework",
				"${TARGET_BUILD_DIR}/${FRAMEWORKS_FOLDER_PATH}/ProtoRPC.framework",
				"${TARGET_BUILD_DIR}/${FRAMEWORKS_FOLDER_PATH}/RxLibrary.framework",
				"${TARGET_BUILD_DIR}/${FRAMEWORKS_FOLDER_PATH}/leveldb.framework",
				"${TARGET_BUILD_DIR}/${FRAMEWORKS_FOLDER_PATH}/nanopb.framework",
			);
			runOnlyForDeploymentPostprocessing = 0;
			shellPath = /bin/sh;
			shellScript = "\"${SRCROOT}/Pods/Target Support Files/Pods-MealDock/Pods-MealDock-frameworks.sh\"\n";
			showEnvVarsInLog = 0;
		};
/* End PBXShellScriptBuildPhase section */

/* Begin PBXSourcesBuildPhase section */
		96317C89210F56FC00F81F22 /* Sources */ = {
			isa = PBXSourcesBuildPhase;
			buildActionMask = 2147483647;
			files = (
				964C00C6214FDBB10099689B /* ErrandViewController.swift in Sources */,
				96E5F24121244FBF00C2F09E /* FirstViewController.swift in Sources */,
				964C00CB214FFE350099689B /* AppBarContainerViewController.swift in Sources */,
				9696B4A6214C8E28001DFB60 /* Firebase+UserGroup.swift in Sources */,
				9615BDFC214E0F1A001801D5 /* FUIPasswordSignUpViewController+Injection.m in Sources */,
				96E5F24021244FBF00C2F09E /* SecondViewController.swift in Sources */,
				964C00BC214E22FB0099689B /* PackedListViewController.swift in Sources */,
				CCDC94F42150E853007FBAB0 /* Harvest.swift in Sources */,
				964C00C0214E33610099689B /* MealDockBaseCollectionViewController.swift in Sources */,
				CCDC94E2214B813B007FBAB0 /* InitViewController.swift in Sources */,
				96E5F243212459E000C2F09E /* FreezedListViewController.swift in Sources */,
				CCDC94F0214BB235007FBAB0 /* FUIPasswordSignInViewController+Injection.m in Sources */,
				CCDC94E5214B8239007FBAB0 /* FirebaseService.swift in Sources */,
				96EE887521565AE500924490 /* ErrandPageViewController.swift in Sources */,
				964C00C2214FA8770099689B /* Firebase+Harvests.swift in Sources */,
				96317C91210F56FC00F81F22 /* AppDelegate.swift in Sources */,
				964C00C8214FF2910099689B /* AppBarNavigationController.swift in Sources */,
				9615BE00214E0F9C001801D5 /* FirebaseUIAuthInjection.m in Sources */,
				9615BDE8214CA79C001801D5 /* SettingsViewController.swift in Sources */,
				964C00C4214FCC1A0099689B /* HarvestListViewController.swift in Sources */,
			);
			runOnlyForDeploymentPostprocessing = 0;
		};
		96317C9F210F56FD00F81F22 /* Sources */ = {
			isa = PBXSourcesBuildPhase;
			buildActionMask = 2147483647;
			files = (
				96317CA8210F56FD00F81F22 /* MealDockTests.swift in Sources */,
			);
			runOnlyForDeploymentPostprocessing = 0;
		};
		96317CAA210F56FD00F81F22 /* Sources */ = {
			isa = PBXSourcesBuildPhase;
			buildActionMask = 2147483647;
			files = (
				96317CB3210F56FD00F81F22 /* MealDockUITests.swift in Sources */,
			);
			runOnlyForDeploymentPostprocessing = 0;
		};
/* End PBXSourcesBuildPhase section */

/* Begin PBXTargetDependency section */
		96317CA5210F56FD00F81F22 /* PBXTargetDependency */ = {
			isa = PBXTargetDependency;
			target = 96317C8C210F56FC00F81F22 /* MealDock */;
			targetProxy = 96317CA4210F56FD00F81F22 /* PBXContainerItemProxy */;
		};
		96317CB0210F56FD00F81F22 /* PBXTargetDependency */ = {
			isa = PBXTargetDependency;
			target = 96317C8C210F56FC00F81F22 /* MealDock */;
			targetProxy = 96317CAF210F56FD00F81F22 /* PBXContainerItemProxy */;
		};
/* End PBXTargetDependency section */

/* Begin PBXVariantGroup section */
		9615BDE9214CA7E0001801D5 /* FreezedList.storyboard */ = {
			isa = PBXVariantGroup;
			children = (
				9615BDEA214CA7E0001801D5 /* Base */,
			);
			name = FreezedList.storyboard;
			sourceTree = "<group>";
		};
		9615BDEC214CA822001801D5 /* HarvestList.storyboard */ = {
			isa = PBXVariantGroup;
			children = (
				9615BDED214CA822001801D5 /* Base */,
			);
			name = HarvestList.storyboard;
			sourceTree = "<group>";
		};
		9615BDEF214CA855001801D5 /* PackedList.storyboard */ = {
			isa = PBXVariantGroup;
			children = (
				9615BDF0214CA855001801D5 /* Base */,
			);
			name = PackedList.storyboard;
			sourceTree = "<group>";
		};
		9615BDF2214D3605001801D5 /* Settings.storyboard */ = {
			isa = PBXVariantGroup;
			children = (
				9615BDF3214D3605001801D5 /* Base */,
			);
			name = Settings.storyboard;
			sourceTree = "<group>";
		};
		96317C96210F56FC00F81F22 /* Main.storyboard */ = {
			isa = PBXVariantGroup;
			children = (
				96317C97210F56FC00F81F22 /* Base */,
			);
			name = Main.storyboard;
			sourceTree = "<group>";
		};
		96317C9B210F56FD00F81F22 /* LaunchScreen.storyboard */ = {
			isa = PBXVariantGroup;
			children = (
				96317C9C210F56FD00F81F22 /* Base */,
			);
			name = LaunchScreen.storyboard;
			sourceTree = "<group>";
		};
		96EE887621565CED00924490 /* Errand.storyboard */ = {
			isa = PBXVariantGroup;
			children = (
				96EE887721565CED00924490 /* Base */,
			);
			name = Errand.storyboard;
			sourceTree = "<group>";
		};
/* End PBXVariantGroup section */

/* Begin XCBuildConfiguration section */
		96317CB5210F56FD00F81F22 /* Debug */ = {
			isa = XCBuildConfiguration;
			buildSettings = {
				ALWAYS_SEARCH_USER_PATHS = NO;
				CLANG_ANALYZER_NONNULL = YES;
				CLANG_ANALYZER_NUMBER_OBJECT_CONVERSION = YES_AGGRESSIVE;
				CLANG_CXX_LANGUAGE_STANDARD = "gnu++14";
				CLANG_CXX_LIBRARY = "libc++";
				CLANG_ENABLE_MODULES = YES;
				CLANG_ENABLE_OBJC_ARC = YES;
				CLANG_ENABLE_OBJC_WEAK = YES;
				CLANG_WARN_BLOCK_CAPTURE_AUTORELEASING = YES;
				CLANG_WARN_BOOL_CONVERSION = YES;
				CLANG_WARN_COMMA = YES;
				CLANG_WARN_CONSTANT_CONVERSION = YES;
				CLANG_WARN_DEPRECATED_OBJC_IMPLEMENTATIONS = YES;
				CLANG_WARN_DIRECT_OBJC_ISA_USAGE = YES_ERROR;
				CLANG_WARN_DOCUMENTATION_COMMENTS = YES;
				CLANG_WARN_EMPTY_BODY = YES;
				CLANG_WARN_ENUM_CONVERSION = YES;
				CLANG_WARN_INFINITE_RECURSION = YES;
				CLANG_WARN_INT_CONVERSION = YES;
				CLANG_WARN_NON_LITERAL_NULL_CONVERSION = YES;
				CLANG_WARN_OBJC_IMPLICIT_RETAIN_SELF = YES;
				CLANG_WARN_OBJC_LITERAL_CONVERSION = YES;
				CLANG_WARN_OBJC_ROOT_CLASS = YES_ERROR;
				CLANG_WARN_RANGE_LOOP_ANALYSIS = YES;
				CLANG_WARN_STRICT_PROTOTYPES = YES;
				CLANG_WARN_SUSPICIOUS_MOVE = YES;
				CLANG_WARN_UNGUARDED_AVAILABILITY = YES_AGGRESSIVE;
				CLANG_WARN_UNREACHABLE_CODE = YES;
				CLANG_WARN__DUPLICATE_METHOD_MATCH = YES;
				CODE_SIGN_IDENTITY = "iPhone Developer";
				COPY_PHASE_STRIP = NO;
				DEBUG_INFORMATION_FORMAT = dwarf;
				ENABLE_STRICT_OBJC_MSGSEND = YES;
				ENABLE_TESTABILITY = YES;
				GCC_C_LANGUAGE_STANDARD = gnu11;
				GCC_DYNAMIC_NO_PIC = NO;
				GCC_NO_COMMON_BLOCKS = YES;
				GCC_OPTIMIZATION_LEVEL = 0;
				GCC_PREPROCESSOR_DEFINITIONS = (
					"DEBUG=1",
					"$(inherited)",
				);
				GCC_WARN_64_TO_32_BIT_CONVERSION = YES;
				GCC_WARN_ABOUT_RETURN_TYPE = YES_ERROR;
				GCC_WARN_UNDECLARED_SELECTOR = YES;
				GCC_WARN_UNINITIALIZED_AUTOS = YES_AGGRESSIVE;
				GCC_WARN_UNUSED_FUNCTION = YES;
				GCC_WARN_UNUSED_VARIABLE = YES;
				IPHONEOS_DEPLOYMENT_TARGET = 9.0;
				MTL_ENABLE_DEBUG_INFO = YES;
				ONLY_ACTIVE_ARCH = YES;
				SDKROOT = iphoneos;
				SWIFT_ACTIVE_COMPILATION_CONDITIONS = DEBUG;
				SWIFT_OPTIMIZATION_LEVEL = "-Onone";
			};
			name = Debug;
		};
		96317CB6210F56FD00F81F22 /* Release */ = {
			isa = XCBuildConfiguration;
			buildSettings = {
				ALWAYS_SEARCH_USER_PATHS = NO;
				CLANG_ANALYZER_NONNULL = YES;
				CLANG_ANALYZER_NUMBER_OBJECT_CONVERSION = YES_AGGRESSIVE;
				CLANG_CXX_LANGUAGE_STANDARD = "gnu++14";
				CLANG_CXX_LIBRARY = "libc++";
				CLANG_ENABLE_MODULES = YES;
				CLANG_ENABLE_OBJC_ARC = YES;
				CLANG_ENABLE_OBJC_WEAK = YES;
				CLANG_WARN_BLOCK_CAPTURE_AUTORELEASING = YES;
				CLANG_WARN_BOOL_CONVERSION = YES;
				CLANG_WARN_COMMA = YES;
				CLANG_WARN_CONSTANT_CONVERSION = YES;
				CLANG_WARN_DEPRECATED_OBJC_IMPLEMENTATIONS = YES;
				CLANG_WARN_DIRECT_OBJC_ISA_USAGE = YES_ERROR;
				CLANG_WARN_DOCUMENTATION_COMMENTS = YES;
				CLANG_WARN_EMPTY_BODY = YES;
				CLANG_WARN_ENUM_CONVERSION = YES;
				CLANG_WARN_INFINITE_RECURSION = YES;
				CLANG_WARN_INT_CONVERSION = YES;
				CLANG_WARN_NON_LITERAL_NULL_CONVERSION = YES;
				CLANG_WARN_OBJC_IMPLICIT_RETAIN_SELF = YES;
				CLANG_WARN_OBJC_LITERAL_CONVERSION = YES;
				CLANG_WARN_OBJC_ROOT_CLASS = YES_ERROR;
				CLANG_WARN_RANGE_LOOP_ANALYSIS = YES;
				CLANG_WARN_STRICT_PROTOTYPES = YES;
				CLANG_WARN_SUSPICIOUS_MOVE = YES;
				CLANG_WARN_UNGUARDED_AVAILABILITY = YES_AGGRESSIVE;
				CLANG_WARN_UNREACHABLE_CODE = YES;
				CLANG_WARN__DUPLICATE_METHOD_MATCH = YES;
				CODE_SIGN_IDENTITY = "iPhone Developer";
				COPY_PHASE_STRIP = NO;
				DEBUG_INFORMATION_FORMAT = "dwarf-with-dsym";
				ENABLE_NS_ASSERTIONS = NO;
				ENABLE_STRICT_OBJC_MSGSEND = YES;
				GCC_C_LANGUAGE_STANDARD = gnu11;
				GCC_NO_COMMON_BLOCKS = YES;
				GCC_WARN_64_TO_32_BIT_CONVERSION = YES;
				GCC_WARN_ABOUT_RETURN_TYPE = YES_ERROR;
				GCC_WARN_UNDECLARED_SELECTOR = YES;
				GCC_WARN_UNINITIALIZED_AUTOS = YES_AGGRESSIVE;
				GCC_WARN_UNUSED_FUNCTION = YES;
				GCC_WARN_UNUSED_VARIABLE = YES;
				IPHONEOS_DEPLOYMENT_TARGET = 9.0;
				MTL_ENABLE_DEBUG_INFO = NO;
				SDKROOT = iphoneos;
				SWIFT_COMPILATION_MODE = wholemodule;
				SWIFT_OPTIMIZATION_LEVEL = "-O";
				VALIDATE_PRODUCT = YES;
			};
			name = Release;
		};
		96317CB8210F56FD00F81F22 /* Debug */ = {
			isa = XCBuildConfiguration;
			baseConfigurationReference = 21C49D9CEEE8533906C5B8C0 /* Pods-MealDock.debug.xcconfig */;
			buildSettings = {
				ASSETCATALOG_COMPILER_APPICON_NAME = AppIcon;
				CLANG_ENABLE_MODULES = YES;
				CODE_SIGN_STYLE = Automatic;
				DEVELOPMENT_TEAM = F35G39V2UB;
				INFOPLIST_FILE = MealDock/Info.plist;
				LD_RUNPATH_SEARCH_PATHS = (
					"$(inherited)",
					"@executable_path/Frameworks",
				);
				PRODUCT_BUNDLE_IDENTIFIER = jp.co.JchanKchan.MealDock.dev;
				PRODUCT_NAME = "$(TARGET_NAME)";
				SWIFT_OBJC_BRIDGING_HEADER = "MealDock/MealDock-Bridging-Header.h";
				SWIFT_OPTIMIZATION_LEVEL = "-Onone";
				SWIFT_VERSION = 4.0;
				TARGETED_DEVICE_FAMILY = "1,2";
			};
			name = Debug;
		};
		96317CB9210F56FD00F81F22 /* Release */ = {
			isa = XCBuildConfiguration;
			baseConfigurationReference = A96E94D7D1293B4BD678E76E /* Pods-MealDock.release.xcconfig */;
			buildSettings = {
				ASSETCATALOG_COMPILER_APPICON_NAME = AppIcon;
				CLANG_ENABLE_MODULES = YES;
				CODE_SIGN_STYLE = Automatic;
				DEVELOPMENT_TEAM = F35G39V2UB;
				INFOPLIST_FILE = MealDock/Info.plist;
				LD_RUNPATH_SEARCH_PATHS = (
					"$(inherited)",
					"@executable_path/Frameworks",
				);
				PRODUCT_BUNDLE_IDENTIFIER = jp.co.JchanKchan.MealDock.dev;
				PRODUCT_NAME = "$(TARGET_NAME)";
				SWIFT_OBJC_BRIDGING_HEADER = "MealDock/MealDock-Bridging-Header.h";
				SWIFT_VERSION = 4.0;
				TARGETED_DEVICE_FAMILY = "1,2";
			};
			name = Release;
		};
		96317CBB210F56FD00F81F22 /* Debug */ = {
			isa = XCBuildConfiguration;
			buildSettings = {
				ALWAYS_EMBED_SWIFT_STANDARD_LIBRARIES = YES;
				BUNDLE_LOADER = "$(TEST_HOST)";
				CODE_SIGN_STYLE = Automatic;
				DEVELOPMENT_TEAM = F35G39V2UB;
				INFOPLIST_FILE = MealDockTests/Info.plist;
				LD_RUNPATH_SEARCH_PATHS = (
					"$(inherited)",
					"@executable_path/Frameworks",
					"@loader_path/Frameworks",
				);
				PRODUCT_BUNDLE_IDENTIFIER = jp.co.JchanKchan.MealDockTests;
				PRODUCT_NAME = "$(TARGET_NAME)";
				SWIFT_VERSION = 4.0;
				TARGETED_DEVICE_FAMILY = "1,2";
				TEST_HOST = "$(BUILT_PRODUCTS_DIR)/MealDock.app/MealDock";
			};
			name = Debug;
		};
		96317CBC210F56FD00F81F22 /* Release */ = {
			isa = XCBuildConfiguration;
			buildSettings = {
				ALWAYS_EMBED_SWIFT_STANDARD_LIBRARIES = YES;
				BUNDLE_LOADER = "$(TEST_HOST)";
				CODE_SIGN_STYLE = Automatic;
				DEVELOPMENT_TEAM = F35G39V2UB;
				INFOPLIST_FILE = MealDockTests/Info.plist;
				LD_RUNPATH_SEARCH_PATHS = (
					"$(inherited)",
					"@executable_path/Frameworks",
					"@loader_path/Frameworks",
				);
				PRODUCT_BUNDLE_IDENTIFIER = jp.co.JchanKchan.MealDockTests;
				PRODUCT_NAME = "$(TARGET_NAME)";
				SWIFT_VERSION = 4.0;
				TARGETED_DEVICE_FAMILY = "1,2";
				TEST_HOST = "$(BUILT_PRODUCTS_DIR)/MealDock.app/MealDock";
			};
			name = Release;
		};
		96317CBE210F56FD00F81F22 /* Debug */ = {
			isa = XCBuildConfiguration;
			buildSettings = {
				ALWAYS_EMBED_SWIFT_STANDARD_LIBRARIES = YES;
				CODE_SIGN_STYLE = Automatic;
				DEVELOPMENT_TEAM = F35G39V2UB;
				INFOPLIST_FILE = MealDockUITests/Info.plist;
				LD_RUNPATH_SEARCH_PATHS = (
					"$(inherited)",
					"@executable_path/Frameworks",
					"@loader_path/Frameworks",
				);
				PRODUCT_BUNDLE_IDENTIFIER = jp.co.JchanKchan.MealDockUITests;
				PRODUCT_NAME = "$(TARGET_NAME)";
				SWIFT_VERSION = 4.0;
				TARGETED_DEVICE_FAMILY = "1,2";
				TEST_TARGET_NAME = MealDock;
			};
			name = Debug;
		};
		96317CBF210F56FD00F81F22 /* Release */ = {
			isa = XCBuildConfiguration;
			buildSettings = {
				ALWAYS_EMBED_SWIFT_STANDARD_LIBRARIES = YES;
				CODE_SIGN_STYLE = Automatic;
				DEVELOPMENT_TEAM = F35G39V2UB;
				INFOPLIST_FILE = MealDockUITests/Info.plist;
				LD_RUNPATH_SEARCH_PATHS = (
					"$(inherited)",
					"@executable_path/Frameworks",
					"@loader_path/Frameworks",
				);
				PRODUCT_BUNDLE_IDENTIFIER = jp.co.JchanKchan.MealDockUITests;
				PRODUCT_NAME = "$(TARGET_NAME)";
				SWIFT_VERSION = 4.0;
				TARGETED_DEVICE_FAMILY = "1,2";
				TEST_TARGET_NAME = MealDock;
			};
			name = Release;
		};
/* End XCBuildConfiguration section */

/* Begin XCConfigurationList section */
		96317C88210F56FC00F81F22 /* Build configuration list for PBXProject "MealDock" */ = {
			isa = XCConfigurationList;
			buildConfigurations = (
				96317CB5210F56FD00F81F22 /* Debug */,
				96317CB6210F56FD00F81F22 /* Release */,
			);
			defaultConfigurationIsVisible = 0;
			defaultConfigurationName = Release;
		};
		96317CB7210F56FD00F81F22 /* Build configuration list for PBXNativeTarget "MealDock" */ = {
			isa = XCConfigurationList;
			buildConfigurations = (
				96317CB8210F56FD00F81F22 /* Debug */,
				96317CB9210F56FD00F81F22 /* Release */,
			);
			defaultConfigurationIsVisible = 0;
			defaultConfigurationName = Release;
		};
		96317CBA210F56FD00F81F22 /* Build configuration list for PBXNativeTarget "MealDockTests" */ = {
			isa = XCConfigurationList;
			buildConfigurations = (
				96317CBB210F56FD00F81F22 /* Debug */,
				96317CBC210F56FD00F81F22 /* Release */,
			);
			defaultConfigurationIsVisible = 0;
			defaultConfigurationName = Release;
		};
		96317CBD210F56FD00F81F22 /* Build configuration list for PBXNativeTarget "MealDockUITests" */ = {
			isa = XCConfigurationList;
			buildConfigurations = (
				96317CBE210F56FD00F81F22 /* Debug */,
				96317CBF210F56FD00F81F22 /* Release */,
			);
			defaultConfigurationIsVisible = 0;
			defaultConfigurationName = Release;
		};
/* End XCConfigurationList section */
	};
	rootObject = 96317C85210F56FC00F81F22 /* Project object */;
}
